
Microsoft Visual Studio Solution File, Format Version 12.00
# Visual Studio 2012
Project("{8BC9CEB8-8B4A-11D0-8D11-00A0C91BC942}") = "00_OctreeStart", "0_TestBed\0_TestBed.vcxproj", "{ECA9D8B3-C333-4453-8FBD-E36E034B4D3B}"
EndProject
Project("{8BC9CEB8-8B4A-11D0-8D11-00A0C91BC942}") = "01-RotationOrientation", "1_OrientationRotation\1_OrientationRotation.vcxproj", "{69BA9ACF-FEBD-4837-B303-A681B049D083}"
EndProject
Global
	GlobalSection(SolutionConfigurationPlatforms) = preSolution
		Debug|Win32 = Debug|Win32
		Release|Win32 = Release|Win32
	EndGlobalSection
	GlobalSection(ProjectConfigurationPlatforms) = postSolution
		{ECA9D8B3-C333-4453-8FBD-E36E034B4D3B}.Debug|Win32.ActiveCfg = Debug|Win32
		{ECA9D8B3-C333-4453-8FBD-E36E034B4D3B}.Debug|Win32.Build.0 = Debug|Win32
		{ECA9D8B3-C333-4453-8FBD-E36E034B4D3B}.Release|Win32.ActiveCfg = Release|Win32
		{ECA9D8B3-C333-4453-8FBD-E36E034B4D3B}.Release|Win32.Build.0 = Release|Win32
		{69BA9ACF-FEBD-4837-B303-A681B049D083}.Debug|Win32.ActiveCfg = Debug|Win32
		{69BA9ACF-FEBD-4837-B303-A681B049D083}.Debug|Win32.Build.0 = Debug|Win32
		{69BA9ACF-FEBD-4837-B303-A681B049D083}.Release|Win32.ActiveCfg = Release|Win32
		{69BA9ACF-FEBD-4837-B303-A681B049D083}.Release|Win32.Build.0 = Release|Win32
	EndGlobalSection
	GlobalSection(SolutionProperties) = preSolution
		HideSolutionNode = FALSE
	EndGlobalSection
EndGlobal
